Microsoft Visual Studio Solution File, Format Version 12.00
# Visual Studio Version 17
VisualStudioVersion = 17.5.2.0
MinimumVisualStudioVersion = 10.0.40219.1
Project("{FAE04EC0-301F-11D3-BF4B-00C04F79EFBC}") = "AgroSmart", "AgroSmart\AgroSmart.csproj", "{64D105BE-23C5-5181-B06B-AFFD2A26B578}"
EndProject
Global
	GlobalSection(SolutionConfigurationPlatforms) = preSolution
		Debug|Any CPU = Debug|Any CPU
		Release|Any CPU = Release|Any CPU
	EndGlobalSection
	GlobalSection(ProjectConfigurationPlatforms) = postSolution
		{64D105BE-23C5-5181-B06B-AFFD2A26B578}.Debug|Any CPU.ActiveCfg = Debug|Any CPU
		{64D105BE-23C5-5181-B06B-AFFD2A26B578}.Debug|Any CPU.Build.0 = Debug|Any CPU
		{64D105BE-23C5-5181-B06B-AFFD2A26B578}.Release|Any CPU.ActiveCfg = Release|Any CPU
		{64D105BE-23C5-5181-B06B-AFFD2A26B578}.Release|Any CPU.Build.0 = Release|Any CPU
	EndGlobalSection
	GlobalSection(SolutionProperties) = preSolution
		HideSolutionNode = FALSE
	EndGlobalSection
	GlobalSection(ExtensibilityGlobals) = postSolution
		SolutionGuid = {965B2BE2-1F05-4F9C-BDED-81A1583F1240}
	EndGlobalSection
EndGlobal
